Microsoft Visual Studio Solution File, Format Version 12.00
# Visual Studio Version 17
VisualStudioVersion = 17.5.2.0
MinimumVisualStudioVersion = 10.0.40219.1
Project("{2150E333-8FDC-42A3-9474-1A3956D46DE8}") = "src", "src", "{827E0CD3-B72D-47B6-A68D-7590B98EB39B}"
EndProject
Project("{2150E333-8FDC-42A3-9474-1A3956D46DE8}") = "AuraBridge", "AuraBridge", "{88A3ADA7-ED5F-3CEB-E90B-F15EBECDFDF4}"
EndProject
Project("{FAE04EC0-301F-11D3-BF4B-00C04F79EFBC}") = "iCueAuraBridge", "src\AuraBridge\iCueAuraBridge.csproj", "{F60360D9-039E-23CD-16D3-30C83A9F53C9}"
EndProject
Global
	GlobalSection(SolutionConfigurationPlatforms) = preSolution
		Debug|Any CPU = Debug|Any CPU
		Release|Any CPU = Release|Any CPU
	EndGlobalSection
	GlobalSection(ProjectConfigurationPlatforms) = postSolution
		{F60360D9-039E-23CD-16D3-30C83A9F53C9}.Debug|Any CPU.ActiveCfg = Debug|Any CPU
		{F60360D9-039E-23CD-16D3-30C83A9F53C9}.Debug|Any CPU.Build.0 = Debug|Any CPU
		{F60360D9-039E-23CD-16D3-30C83A9F53C9}.Release|Any CPU.ActiveCfg = Release|Any CPU
		{F60360D9-039E-23CD-16D3-30C83A9F53C9}.Release|Any CPU.Build.0 = Release|Any CPU
	EndGlobalSection
	GlobalSection(SolutionProperties) = preSolution
		HideSolutionNode = FALSE
	EndGlobalSection
	GlobalSection(NestedProjects) = preSolution
		{88A3ADA7-ED5F-3CEB-E90B-F15EBECDFDF4} = {827E0CD3-B72D-47B6-A68D-7590B98EB39B}
		{F60360D9-039E-23CD-16D3-30C83A9F53C9} = {88A3ADA7-ED5F-3CEB-E90B-F15EBECDFDF4}
	EndGlobalSection
	GlobalSection(ExtensibilityGlobals) = postSolution
		SolutionGuid = {EECEE64D-C4FD-40DA-BA35-E98DFF91AF6B}
	EndGlobalSection
EndGlobal
